
Microsoft Visual Studio Solution File, Format Version 12.00
# Visual Studio Version 17
VisualStudioVersion = 17.7.34221.43
MinimumVisualStudioVersion = 10.0.40219.1
Project("{FAE04EC0-301F-11D3-BF4B-00C04F79EFBC}") = "Calculadora", "Calculadora.csproj", "{72DC92F3-3CD3-4AB1-A288-7C7A98E86C2D}"
EndProject
Global
	GlobalSection(SolutionConfigurationPlatforms) = preSolution
		Debug|Any CPU = Debug|Any CPU
		Release|Any CPU = Release|Any CPU
	EndGlobalSection
	GlobalSection(ProjectConfigurationPlatforms) = postSolution
		{72DC92F3-3CD3-4AB1-A288-7C7A98E86C2D}.Debug|Any CPU.ActiveCfg = Debug|Any CPU
		{72DC92F3-3CD3-4AB1-A288-7C7A98E86C2D}.Debug|Any CPU.Build.0 = Debug|Any CPU
		{72DC92F3-3CD3-4AB1-A288-7C7A98E86C2D}.Debug|Any CPU.Deploy.0 = Debug|Any CPU
		{72DC92F3-3CD3-4AB1-A288-7C7A98E86C2D}.Release|Any CPU.ActiveCfg = Release|Any CPU
		{72DC92F3-3CD3-4AB1-A288-7C7A98E86C2D}.Release|Any CPU.Build.0 = Release|Any CPU
		{72DC92F3-3CD3-4AB1-A288-7C7A98E86C2D}.Release|Any CPU.Deploy.0 = Release|Any CPU
	EndGlobalSection
	GlobalSection(SolutionProperties) = preSolution
		HideSolutionNode = FALSE
	EndGlobalSection
	GlobalSection(ExtensibilityGlobals) = postSolution
		SolutionGuid = {9C2E7EBF-7D2F-46CE-A8DD-D5057C244735}
	EndGlobalSection
EndGlobal
